// !$*UTF8*$!
{
	archiveVersion = 1;
	classes = {
	};
	objectVersion = 46;
	objects = {

/* Begin PBXBuildFile section */
		EF0227951CC871D80043C7B0 /* LocalAuthentication.framework in Frameworks */ = {isa = PBXBuildFile; fileRef = EF0227941CC871D80043C7B0 /* LocalAuthentication.framework */; };
		EFCC13E81CC3C15C00663EFF /* AppDelegate.swift in Sources */ = {isa = PBXBuildFile; fileRef = EFCC13E71CC3C15C00663EFF /* AppDelegate.swift */; };
		EFCC13EA1CC3C15C00663EFF /* ViewController.swift in Sources */ = {isa = PBXBuildFile; fileRef = EFCC13E91CC3C15C00663EFF /* ViewController.swift */; };
		EFCC13ED1CC3C15D00663EFF /* Main.storyboard in Resources */ = {isa = PBXBuildFile; fileRef = EFCC13EB1CC3C15D00663EFF /* Main.storyboard */; };
		EFCC13EF1CC3C15D00663EFF /* Assets.xcassets in Resources */ = {isa = PBXBuildFile; fileRef = EFCC13EE1CC3C15D00663EFF /* Assets.xcassets */; };
/* End PBXBuildFile section */

/* Begin PBXFileReference section */
		EF0227941CC871D80043C7B0 /* LocalAuthentication.framework */ = {isa = PBXFileReference; lastKnownFileType = wrapper.framework; name = LocalAuthentication.framework; path = System/Library/Frameworks/LocalAuthentication.framework; sourceTree = SDKROOT; };
		EFCC13E41CC3C15C00663EFF /* HealthGoiPhone.app */ = {isa = PBXFileReference; explicitFileType = wrapper.application; includeInIndex = 0; path = HealthGoiPhone.app; sourceTree = BUILT_PRODUCTS_DIR; };
		EFCC13E71CC3C15C00663EFF /* AppDelegate.swift */ = {isa = PBXFileReference; lastKnownFileType = sourcecode.swift; path = AppDelegate.swift; sourceTree = "<group>"; };
		EFCC13E91CC3C15C00663EFF /* ViewController.swift */ = {isa = PBXFileReference; lastKnownFileType = sourcecode.swift; path = ViewController.swift; sourceTree = "<group>"; };
		EFCC13EC1CC3C15D00663EFF /* Base */ = {isa = PBXFileReference; lastKnownFileType = file.storyboard; name = Base; path = Base.lproj/Main.storyboard; sourceTree = "<group>"; };
		EFCC13EE1CC3C15D00663EFF /* Assets.xcassets */ = {isa = PBXFileReference; lastKnownFileType = folder.assetcatalog; path = Assets.xcassets; sourceTree = "<group>"; };
		EFCC13F31CC3C15D00663EFF /* Info.plist */ = {isa = PBXFileReference; lastKnownFileType = text.plist.xml; path = Info.plist; sourceTree = "<group>"; };
/* End PBXFileReference section */

/* Begin PBXFrameworksBuildPhase section */
		EFCC13E11CC3C15C00663EFF /* Frameworks */ = {
			isa = PBXFrameworksBuildPhase;
			buildActionMask = 2147483647;
			files = (
				EF0227951CC871D80043C7B0 /* LocalAuthentication.framework in Frameworks */,
			);
			runOnlyForDeploymentPostprocessing = 0;
		};
/* End PBXFrameworksBuildPhase section */

/* Begin PBXGroup section */
		EFCC13DB1CC3C15C00663EFF = {
			isa = PBXGroup;
			children = (
				EF0227941CC871D80043C7B0 /* LocalAuthentication.framework */,
				EFCC13E61CC3C15C00663EFF /* HealthGoiPhone */,
				EFCC13E51CC3C15C00663EFF /* Products */,
			);
			sourceTree = "<group>";
		};
		EFCC13E51CC3C15C00663EFF /* Products */ = {
			isa = PBXGroup;
			children = (
				EFCC13E41CC3C15C00663EFF /* HealthGoiPhone.app */,
			);
			name = Products;
			sourceTree = "<group>";
		};
		EFCC13E61CC3C15C00663EFF /* HealthGoiPhone */ = {
			isa = PBXGroup;
			children = (
				EFCC13E71CC3C15C00663EFF /* AppDelegate.swift */,
				EFCC13E91CC3C15C00663EFF /* ViewController.swift */,
				EFCC13EB1CC3C15D00663EFF /* Main.storyboard */,
				EFCC13EE1CC3C15D00663EFF /* Assets.xcassets */,
				EFCC13F31CC3C15D00663EFF /* Info.plist */,
			);
			path = HealthGoiPhone;
			sourceTree = "<group>";
		};
/* End PBXGroup section */

/* Begin PBXNativeTarget section */
		EFCC13E31CC3C15C00663EFF /* HealthGoiPhone */ = {
			isa = PBXNativeTarget;
			buildConfigurationList = EFCC13F61CC3C15D00663EFF /* Build configuration list for PBXNativeTarget "HealthGoiPhone" */;
			buildPhases = (
				EFCC13E01CC3C15C00663EFF /* Sources */,
				EFCC13E11CC3C15C00663EFF /* Frameworks */,
				EFCC13E21CC3C15C00663EFF /* Resources */,
			);
			buildRules = (
			);
			dependencies = (
			);
			name = HealthGoiPhone;
			productName = HealthGoiPhone;
			productReference = EFCC13E41CC3C15C00663EFF /* HealthGoiPhone.app */;
			productType = "com.apple.product-type.application";
		};
/* End PBXNativeTarget section */

/* Begin PBXProject section */
		EFCC13DC1CC3C15C00663EFF /* Project object */ = {
			isa = PBXProject;
			attributes = {
				LastSwiftUpdateCheck = 0730;
				LastUpgradeCheck = 0730;
				ORGANIZATIONNAME = "전의찬";
				TargetAttributes = {
					EFCC13E31CC3C15C00663EFF = {
						CreatedOnToolsVersion = 7.3;
						DevelopmentTeam = G2XSR4XN9C;
					};
				};
			};
			buildConfigurationList = EFCC13DF1CC3C15C00663EFF /* Build configuration list for PBXProject "HealthGoiPhone" */;
			compatibilityVersion = "Xcode 3.2";
			developmentRegion = English;
			hasScannedForEncodings = 0;
			knownRegions = (
				en,
				Base,
			);
			mainGroup = EFCC13DB1CC3C15C00663EFF;
			productRefGroup = EFCC13E51CC3C15C00663EFF /* Products */;
			projectDirPath = "";
			projectRoot = "";
			targets = (
				EFCC13E31CC3C15C00663EFF /* HealthGoiPhone */,
			);
		};
/* End PBXProject section */

/* Begin PBXResourcesBuildPhase section */
		EFCC13E21CC3C15C00663EFF /* Resources */ = {
			isa = PBXResourcesBuildPhase;
			buildActionMask = 2147483647;
			files = (
				EFCC13EF1CC3C15D00663EFF /* Assets.xcassets in Resources */,
				EFCC13ED1CC3C15D00663EFF /* Main.storyboard in Resources */,
			);
			runOnlyForDeploymentPostprocessing = 0;
		};
/* End PBXResourcesBuildPhase section */

/* Begin PBXSourcesBuildPhase section */
		EFCC13E01CC3C15C00663EFF /* Sources */ = {
			isa = PBXSourcesBuildPhase;
			buildActionMask = 2147483647;
			files = (
				EFCC13EA1CC3C15C00663EFF /* ViewController.swift in Sources */,
				EFCC13E81CC3C15C00663EFF /* AppDelegate.swift in Sources */,
			);
			runOnlyForDeploymentPostprocessing = 0;
		};
/* End PBXSourcesBuildPhase section */

/* Begin PBXVariantGroup section */
		EFCC13EB1CC3C15D00663EFF /* Main.storyboard */ = {
			isa = PBXVariantGroup;
			children = (
				EFCC13EC1CC3C15D00663EFF /* Base */,
			);
			name = Main.storyboard;
			sourceTree = "<group>";
		};
/* End PBXVariantGroup section */

/* Begin XCBuildConfiguration section */
		EFCC13F41CC3C15D00663EFF /* Debug */ = {
			isa = XCBuildConfiguration;
			buildSettings = {
				ALWAYS_SEARCH_USER_PATHS = NO;
				CLANG_ANALYZER_NONNULL = YES;
				CLANG_CXX_LANGUAGE_STANDARD = "gnu++0x";
				CLANG_CXX_LIBRARY = "libc++";
				CLANG_ENABLE_MODULES = YES;
				CLANG_ENABLE_OBJC_ARC = YES;
				CLANG_WARN_BOOL_CONVERSION = YES;
				CLANG_WARN_CONSTANT_CONVERSION = YES;
				CLANG_WARN_DIRECT_OBJC_ISA_USAGE = YES_ERROR;
				CLANG_WARN_EMPTY_BODY = YES;
				CLANG_WARN_ENUM_CONVERSION = YES;
				CLANG_WARN_INT_CONVERSION = YES;
				CLANG_WARN_OBJC_ROOT_CLASS = YES_ERROR;
				CLANG_WARN_UNREACHABLE_CODE = YES;
				CLANG_WARN__DUPLICATE_METHOD_MATCH = YES;
				"CODE_SIGN_IDENTITY[sdk=iphoneos*]" = "iPhone Developer";
				COPY_PHASE_STRIP = NO;
				DEBUG_INFORMATION_FORMAT = dwarf;
				ENABLE_STRICT_OBJC_MSGSEND = YES;
				ENABLE_TESTABILITY = YES;
				GCC_C_LANGUAGE_STANDARD = gnu99;
				GCC_DYNAMIC_NO_PIC = NO;
				GCC_NO_COMMON_BLOCKS = YES;
				GCC_OPTIMIZATION_LEVEL = 0;
				GCC_PREPROCESSOR_DEFINITIONS = (
					"DEBUG=1",
					"$(inherited)",
				);
				GCC_WARN_64_TO_32_BIT_CONVERSION = YES;
				GCC_WARN_ABOUT_RETURN_TYPE = YES_ERROR;
				GCC_WARN_UNDECLARED_SELECTOR = YES;
				GCC_WARN_UNINITIALIZED_AUTOS = YES_AGGRESSIVE;
				GCC_WARN_UNUSED_FUNCTION = YES;
				GCC_WARN_UNUSED_VARIABLE = YES;
				IPHONEOS_DEPLOYMENT_TARGET = 9.3;
				MTL_ENABLE_DEBUG_INFO = YES;
				ONLY_ACTIVE_ARCH = YES;
				SDKROOT = iphoneos;
				SWIFT_OPTIMIZATION_LEVEL = "-Onone";
			};
			name = Debug;
		};
		EFCC13F51CC3C15D00663EFF /* Release */ = {
			isa = XCBuildConfiguration;
			buildSettings = {
				ALWAYS_SEARCH_USER_PATHS = NO;
				CLANG_ANALYZER_NONNULL = YES;
				CLANG_CXX_LANGUAGE_STANDARD = "gnu++0x";
				CLANG_CXX_LIBRARY = "libc++";
				CLANG_ENABLE_MODULES = YES;
				CLANG_ENABLE_OBJC_ARC = YES;
				CLANG_WARN_BOOL_CONVERSION = YES;
				CLANG_WARN_CONSTANT_CONVERSION = YES;
				CLANG_WARN_DIRECT_OBJC_ISA_USAGE = YES_ERROR;
				CLANG_WARN_EMPTY_BODY = YES;
				CLANG_WARN_ENUM_CONVERSION = YES;
				CLANG_WARN_INT_CONVERSION = YES;
				CLANG_WARN_OBJC_ROOT_CLASS = YES_ERROR;
				CLANG_WARN_UNREACHABLE_CODE = YES;
				CLANG_WARN__DUPLICATE_METHOD_MATCH = YES;
				"CODE_SIGN_IDENTITY[sdk=iphoneos*]" = "iPhone Developer";
				COPY_PHASE_STRIP = NO;
				DEBUG_INFORMATION_FORMAT = "dwarf-with-dsym";
				ENABLE_NS_ASSERTIONS = NO;
				ENABLE_STRICT_OBJC_MSGSEND = YES;
				GCC_C_LANGUAGE_STANDARD = gnu99;
				GCC_NO_COMMON_BLOCKS = YES;
				GCC_WARN_64_TO_32_BIT_CONVERSION = YES;
				GCC_WARN_ABOUT_RETURN_TYPE = YES_ERROR;
				GCC_WARN_UNDECLARED_SELECTOR = YES;
				GCC_WARN_UNINITIALIZED_AUTOS = YES_AGGRESSIVE;
				GCC_WARN_UNUSED_FUNCTION = YES;
				GCC_WARN_UNUSED_VARIABLE = YES;
				IPHONEOS_DEPLOYMENT_TARGET = 9.3;
				MTL_ENABLE_DEBUG_INFO = NO;
				SDKROOT = iphoneos;
				VALIDATE_PRODUCT = YES;
			};
			name = Release;
		};
		EFCC13F71CC3C15D00663EFF /* Debug */ = {
			isa = XCBuildConfiguration;
			buildSettings = {
				ASSETCATALOG_COMPILER_APPICON_NAME = AppIcon;
				ASSETCATALOG_COMPILER_LAUNCHIMAGE_NAME = LaunchImage;
				INFOPLIST_FILE = HealthGoiPhone/Info.plist;
				LD_RUNPATH_SEARCH_PATHS = "$(inherited) @executable_path/Frameworks";
				PRODUCT_BUNDLE_IDENTIFIER = kr.chmod777.HealthGoiPhone;
				PRODUCT_NAME = "$(TARGET_NAME)";
			};
			name = Debug;
		};
		EFCC13F81CC3C15D00663EFF /* Release */ = {
			isa = XCBuildConfiguration;
			buildSettings = {
				ASSETCATALOG_COMPILER_APPICON_NAME = AppIcon;
				ASSETCATALOG_COMPILER_LAUNCHIMAGE_NAME = LaunchImage;
				INFOPLIST_FILE = HealthGoiPhone/Info.plist;
				LD_RUNPATH_SEARCH_PATHS = "$(inherited) @executable_path/Frameworks";
				PRODUCT_BUNDLE_IDENTIFIER = kr.chmod777.HealthGoiPhone;
				PRODUCT_NAME = "$(TARGET_NAME)";
			};
			name = Release;
		};
/* End XCBuildConfiguration section */

/* Begin XCConfigurationList section */
		EFCC13DF1CC3C15C00663EFF /* Build configuration list for PBXProject "HealthGoiPhone" */ = {
			isa = XCConfigurationList;
			buildConfigurations = (
				EFCC13F41CC3C15D00663EFF /* Debug */,
				EFCC13F51CC3C15D00663EFF /* Release */,
			);
			defaultConfigurationIsVisible = 0;
			defaultConfigurationName = Release;
		};
		EFCC13F61CC3C15D00663EFF /* Build configuration list for PBXNativeTarget "HealthGoiPhone" */ = {
			isa = XCConfigurationList;
			buildConfigurations = (
				EFCC13F71CC3C15D00663EFF /* Debug */,
				EFCC13F81CC3C15D00663EFF /* Release */,
			);
			defaultConfigurationIsVisible = 0;
			defaultConfigurationName = Release;
		};
/* End XCConfigurationList section */
	};
	rootObject = EFCC13DC1CC3C15C00663EFF /* Project object */;
}
